
Microsoft Visual Studio Solution File, Format Version 12.00
# Visual Studio Version 17
VisualStudioVersion = 17.7.34031.279
MinimumVisualStudioVersion = 10.0.40219.1
Project("{9A19103F-16F7-4668-BE54-9A1E7A4F7556}") = "Dotnet.Solution", "Dotnet.Solution.csproj", "{D1A250C9-FAA3-4BFA-86EE-03AAE9E83C8E}"
EndProject
Global
	GlobalSection(SolutionConfigurationPlatforms) = preSolution
		Debug|Any CPU = Debug|Any CPU
		Release|Any CPU = Release|Any CPU
	EndGlobalSection
	GlobalSection(ProjectConfigurationPlatforms) = postSolution
		{D1A250C9-FAA3-4BFA-86EE-03AAE9E83C8E}.Debug|Any CPU.ActiveCfg = Debug|Any CPU
		{D1A250C9-FAA3-4BFA-86EE-03AAE9E83C8E}.Debug|Any CPU.Build.0 = Debug|Any CPU
		{D1A250C9-FAA3-4BFA-86EE-03AAE9E83C8E}.Release|Any CPU.ActiveCfg = Release|Any CPU
		{D1A250C9-FAA3-4BFA-86EE-03AAE9E83C8E}.Release|Any CPU.Build.0 = Release|Any CPU
	EndGlobalSection
	GlobalSection(SolutionProperties) = preSolution
		HideSolutionNode = FALSE
	EndGlobalSection
	GlobalSection(ExtensibilityGlobals) = postSolution
		SolutionGuid = {D30C3715-1832-4F71-A25A-0D341C6E185E}
	EndGlobalSection
EndGlobal
